
Microsoft Visual Studio Solution File, Format Version 11.00
# Visual Studio 2010
Project("{8BC9CEB8-8B4A-11D0-8D11-00A0C91BC942}") = "Win32_HelloWorld", "Win32_HelloWorld\Win32_HelloWorld.vcxproj", "{0DBF46F2-20E5-495E-B514-5D0B730DBCA7}"
EndProject
Global
	GlobalSection(SolutionConfigurationPlatforms) = preSolution
		Debug|Win32 = Debug|Win32
		Release|Win32 = Release|Win32
	EndGlobalSection
	GlobalSection(ProjectConfigurationPlatforms) = postSolution
		{0DBF46F2-20E5-495E-B514-5D0B730DBCA7}.Debug|Win32.ActiveCfg = Debug|Win32
		{0DBF46F2-20E5-495E-B514-5D0B730DBCA7}.Debug|Win32.Build.0 = Debug|Win32
		{0DBF46F2-20E5-495E-B514-5D0B730DBCA7}.Release|Win32.ActiveCfg = Release|Win32
		{0DBF46F2-20E5-495E-B514-5D0B730DBCA7}.Release|Win32.Build.0 = Release|Win32
	EndGlobalSection
	GlobalSection(SolutionProperties) = preSolution
		HideSolutionNode = FALSE
	EndGlobalSection
EndGlobal
